
Microsoft Visual Studio Solution File, Format Version 10.00
# Visual Studio 2008
Project("{FAE04EC0-301F-11D3-BF4B-00C04F79EFBC}") = "daDB", "daDB.csproj", "{FA66CF24-0B4E-4D4F-A068-3F01E3F4DB3D}"
EndProject
Global
	GlobalSection(SolutionConfigurationPlatforms) = preSolution
		Debug|Any CPU = Debug|Any CPU
		Release|Any CPU = Release|Any CPU
	EndGlobalSection
	GlobalSection(ProjectConfigurationPlatforms) = postSolution
		{FA66CF24-0B4E-4D4F-A068-3F01E3F4DB3D}.Debug|Any CPU.ActiveCfg = Debug|Any CPU
		{FA66CF24-0B4E-4D4F-A068-3F01E3F4DB3D}.Debug|Any CPU.Build.0 = Debug|Any CPU
		{FA66CF24-0B4E-4D4F-A068-3F01E3F4DB3D}.Release|Any CPU.ActiveCfg = Release|Any CPU
		{FA66CF24-0B4E-4D4F-A068-3F01E3F4DB3D}.Release|Any CPU.Build.0 = Release|Any CPU
	EndGlobalSection
	GlobalSection(SolutionProperties) = preSolution
		HideSolutionNode = FALSE
	EndGlobalSection
EndGlobal
